
Microsoft Visual Studio Solution File, Format Version 12.00
# Visual Studio Version 16
VisualStudioVersion = 16.0.31313.79
MinimumVisualStudioVersion = 10.0.40219.1
Project("{FAE04EC0-301F-11D3-BF4B-00C04F79EFBC}") = "Crypt Watch", "Crypt Watch.csproj", "{71BD4D83-5586-425E-BD34-028F81DB1146}"
EndProject
Global
	GlobalSection(SolutionConfigurationPlatforms) = preSolution
		Debug|Any CPU = Debug|Any CPU
		Release|Any CPU = Release|Any CPU
	EndGlobalSection
	GlobalSection(ProjectConfigurationPlatforms) = postSolution
		{71BD4D83-5586-425E-BD34-028F81DB1146}.Debug|Any CPU.ActiveCfg = Debug|Any CPU
		{71BD4D83-5586-425E-BD34-028F81DB1146}.Debug|Any CPU.Build.0 = Debug|Any CPU
		{71BD4D83-5586-425E-BD34-028F81DB1146}.Release|Any CPU.ActiveCfg = Release|Any CPU
		{71BD4D83-5586-425E-BD34-028F81DB1146}.Release|Any CPU.Build.0 = Release|Any CPU
	EndGlobalSection
	GlobalSection(SolutionProperties) = preSolution
		HideSolutionNode = FALSE
	EndGlobalSection
	GlobalSection(ExtensibilityGlobals) = postSolution
		SolutionGuid = {1FB5C3C9-31CE-461F-9B4B-F322EF64E0A9}
	EndGlobalSection
EndGlobal
